
Microsoft Visual Studio Solution File, Format Version 12.00
# Visual Studio 15
VisualStudioVersion = 15.0.27004.2009
MinimumVisualStudioVersion = 10.0.40219.1
Project("{FAE04EC0-301F-11D3-BF4B-00C04F79EFBC}") = "DB_NTCF_C", "DB_NTCF_C\DB_NTCF_C.csproj", "{066FA61B-A9E0-4CFA-BAD3-24CE40931D8A}"
EndProject
Global
	GlobalSection(SolutionConfigurationPlatforms) = preSolution
		Debug|Any CPU = Debug|Any CPU
		Release|Any CPU = Release|Any CPU
	EndGlobalSection
	GlobalSection(ProjectConfigurationPlatforms) = postSolution
		{066FA61B-A9E0-4CFA-BAD3-24CE40931D8A}.Debug|Any CPU.ActiveCfg = Debug|Any CPU
		{066FA61B-A9E0-4CFA-BAD3-24CE40931D8A}.Debug|Any CPU.Build.0 = Debug|Any CPU
		{066FA61B-A9E0-4CFA-BAD3-24CE40931D8A}.Release|Any CPU.ActiveCfg = Release|Any CPU
		{066FA61B-A9E0-4CFA-BAD3-24CE40931D8A}.Release|Any CPU.Build.0 = Release|Any CPU
	EndGlobalSection
	GlobalSection(SolutionProperties) = preSolution
		HideSolutionNode = FALSE
	EndGlobalSection
	GlobalSection(ExtensibilityGlobals) = postSolution
		SolutionGuid = {6A325B5E-8C64-416A-B0B8-1D7BF222DC9F}
	EndGlobalSection
EndGlobal
